
Microsoft Visual Studio Solution File, Format Version 12.00
# Visual Studio 15
VisualStudioVersion = 15.0.28307.757
MinimumVisualStudioVersion = 10.0.40219.1
Project("{FAE04EC0-301F-11D3-BF4B-00C04F79EFBC}") = "DFU Binding", "DFU Binding\DFU Binding.csproj", "{F9377E4B-8D8A-403A-A553-CDB5535F071A}"
EndProject
Global
	GlobalSection(SolutionConfigurationPlatforms) = preSolution
		Debug|Any CPU = Debug|Any CPU
		Release|Any CPU = Release|Any CPU
	EndGlobalSection
	GlobalSection(ProjectConfigurationPlatforms) = postSolution
		{F9377E4B-8D8A-403A-A553-CDB5535F071A}.Debug|Any CPU.ActiveCfg = Debug|Any CPU
		{F9377E4B-8D8A-403A-A553-CDB5535F071A}.Debug|Any CPU.Build.0 = Debug|Any CPU
		{F9377E4B-8D8A-403A-A553-CDB5535F071A}.Release|Any CPU.ActiveCfg = Release|Any CPU
		{F9377E4B-8D8A-403A-A553-CDB5535F071A}.Release|Any CPU.Build.0 = Release|Any CPU
	EndGlobalSection
	GlobalSection(SolutionProperties) = preSolution
		HideSolutionNode = FALSE
	EndGlobalSection
	GlobalSection(ExtensibilityGlobals) = postSolution
		SolutionGuid = {6E868451-2CA0-40A7-AC20-598D94C19B82}
	EndGlobalSection
EndGlobal
